{
  "version": 4,
  "terraform_version": "1.4.5",
  "serial": 4,
  "lineage": "f6a7ce89-fcce-aaa9-7268-fa3f2cad92da",
  "outputs": {},
  "resources": [
    {
      "mode": "managed",
      "type": "local_file",
      "name": "productos",
      "provider": "provider[\"registry.terraform.io/hashicorp/local\"]",
      "instances": [
        {
          "schema_version": 0,
          "attributes": {
            "content": "Lista de Productos para el mes proximo",
            "content_base64": null,
            "content_base64sha256": "hii4Rs4z951P7rvgymUNMt1jwWe3HkEN+tRvcs42rFU=",
            "content_base64sha512": "uXofs66OGxSwaiLWJWKWxS1YVFs85u1DqwJJlCutFUzyCLpM+3rfjZBFQI5LnEpbgyAkmc86dEfTasEnulerUQ==",
            "content_md5": "6303869d7fe1758d92d4e2c7933e9cc5",
            "content_sha1": "07ed3f80bc0c709281bfb76d74881c4b7017c456",
            "content_sha256": "8628b846ce33f79d4feebbe0ca650d32dd63c167b71e410dfad46f72ce36ac55",
            "content_sha512": "b97a1fb3ae8e1b14b06a22d6256296c52d58545b3ce6ed43ab0249942bad154cf208ba4cfb7adf8d9045408e4b9c4a5b83202499cf3a7447d36ac127ba57ab51",
            "directory_permission": "0777",
            "file_permission": "0777",
            "filename": "productos.txt",
            "id": "07ed3f80bc0c709281bfb76d74881c4b7017c456",
            "sensitive_content": null,
            "source": null
          },
          "sensitive_attributes": []
        }
      ]
    }
  ],
  "check_results": null
}
